
Microsoft Visual Studio Solution File, Format Version 12.00
# Visual Studio Version 16
VisualStudioVersion = 16.0.30621.155
MinimumVisualStudioVersion = 10.0.40219.1
Project("{FAE04EC0-301F-11D3-BF4B-00C04F79EFBC}") = "EntityFramework Razor Page", "EntityFramework Razor Page\EntityFramework Razor Page.csproj", "{501ED843-C9E0-44C0-9771-8A4902131F4D}"
EndProject
Global
	GlobalSection(SolutionConfigurationPlatforms) = preSolution
		Debug|Any CPU = Debug|Any CPU
		Release|Any CPU = Release|Any CPU
	EndGlobalSection
	GlobalSection(ProjectConfigurationPlatforms) = postSolution
		{501ED843-C9E0-44C0-9771-8A4902131F4D}.Debug|Any CPU.ActiveCfg = Debug|Any CPU
		{501ED843-C9E0-44C0-9771-8A4902131F4D}.Debug|Any CPU.Build.0 = Debug|Any CPU
		{501ED843-C9E0-44C0-9771-8A4902131F4D}.Release|Any CPU.ActiveCfg = Release|Any CPU
		{501ED843-C9E0-44C0-9771-8A4902131F4D}.Release|Any CPU.Build.0 = Release|Any CPU
	EndGlobalSection
	GlobalSection(SolutionProperties) = preSolution
		HideSolutionNode = FALSE
	EndGlobalSection
	GlobalSection(ExtensibilityGlobals) = postSolution
		SolutionGuid = {DE965234-E3EF-4624-8F64-1C61F3148866}
	EndGlobalSection
EndGlobal
